Microsoft Visual Studio Solution File, Format Version 12.00
# Visual Studio Version 17
VisualStudioVersion = 17.5.2.0
MinimumVisualStudioVersion = 10.0.40219.1
Project("{FAE04EC0-301F-11D3-BF4B-00C04F79EFBC}") = "WebSocketApp", "WebSocketApp.csproj", "{BA766BA9-DEFB-E435-2081-83B67BDC9ADF}"
EndProject
Global
	GlobalSection(SolutionConfigurationPlatforms) = preSolution
		Debug|Any CPU = Debug|Any CPU
		Release|Any CPU = Release|Any CPU
	EndGlobalSection
	GlobalSection(ProjectConfigurationPlatforms) = postSolution
		{BA766BA9-DEFB-E435-2081-83B67BDC9ADF}.Debug|Any CPU.ActiveCfg = Debug|Any CPU
		{BA766BA9-DEFB-E435-2081-83B67BDC9ADF}.Debug|Any CPU.Build.0 = Debug|Any CPU
		{BA766BA9-DEFB-E435-2081-83B67BDC9ADF}.Release|Any CPU.ActiveCfg = Release|Any CPU
		{BA766BA9-DEFB-E435-2081-83B67BDC9ADF}.Release|Any CPU.Build.0 = Release|Any CPU
	EndGlobalSection
	GlobalSection(SolutionProperties) = preSolution
		HideSolutionNode = FALSE
	EndGlobalSection
	GlobalSection(ExtensibilityGlobals) = postSolution
		SolutionGuid = {6BE00DEB-E0FC-49F7-B12C-A9BB1165064D}
	EndGlobalSection
EndGlobal
